
Microsoft Visual Studio Solution File, Format Version 12.00
# Visual Studio Version 16
VisualStudioVersion = 16.0.32126.315
MinimumVisualStudioVersion = 10.0.40219.1
Project("{FAE04EC0-301F-11D3-BF4B-00C04F79EFBC}") = "Capa_Presentacion", "Pantallas_Sistema_facturación\Capa_Presentacion.csproj", "{75F88C0F-00A2-46B7-979E-B00348C066A0}"
EndProject
Project("{FAE04EC0-301F-11D3-BF4B-00C04F79EFBC}") = "Capa_AccesoDatos", "Capa_AccesoDatos\Capa_AccesoDatos.csproj", "{6AE5C182-8C6F-4CCA-8DD0-88C2D4552F73}"
EndProject
Project("{FAE04EC0-301F-11D3-BF4B-00C04F79EFBC}") = "Capa_LogicaDeNegocios", "Capa_LogicaDeNegocios\Capa_LogicaDeNegocios.csproj", "{9ED6655B-8E6D-49AF-9F04-09B3FD9B4D5F}"
EndProject
Global
	GlobalSection(SolutionConfigurationPlatforms) = preSolution
		Debug|Any CPU = Debug|Any CPU
		Release|Any CPU = Release|Any CPU
	EndGlobalSection
	GlobalSection(ProjectConfigurationPlatforms) = postSolution
		{75F88C0F-00A2-46B7-979E-B00348C066A0}.Debug|Any CPU.ActiveCfg = Debug|Any CPU
		{75F88C0F-00A2-46B7-979E-B00348C066A0}.Debug|Any CPU.Build.0 = Debug|Any CPU
		{75F88C0F-00A2-46B7-979E-B00348C066A0}.Release|Any CPU.ActiveCfg = Release|Any CPU
		{75F88C0F-00A2-46B7-979E-B00348C066A0}.Release|Any CPU.Build.0 = Release|Any CPU
		{6AE5C182-8C6F-4CCA-8DD0-88C2D4552F73}.Debug|Any CPU.ActiveCfg = Debug|Any CPU
		{6AE5C182-8C6F-4CCA-8DD0-88C2D4552F73}.Debug|Any CPU.Build.0 = Debug|Any CPU
		{6AE5C182-8C6F-4CCA-8DD0-88C2D4552F73}.Release|Any CPU.ActiveCfg = Release|Any CPU
		{6AE5C182-8C6F-4CCA-8DD0-88C2D4552F73}.Release|Any CPU.Build.0 = Release|Any CPU
		{9ED6655B-8E6D-49AF-9F04-09B3FD9B4D5F}.Debug|Any CPU.ActiveCfg = Debug|Any CPU
		{9ED6655B-8E6D-49AF-9F04-09B3FD9B4D5F}.Debug|Any CPU.Build.0 = Debug|Any CPU
		{9ED6655B-8E6D-49AF-9F04-09B3FD9B4D5F}.Release|Any CPU.ActiveCfg = Release|Any CPU
		{9ED6655B-8E6D-49AF-9F04-09B3FD9B4D5F}.Release|Any CPU.Build.0 = Release|Any CPU
	EndGlobalSection
	GlobalSection(SolutionProperties) = preSolution
		HideSolutionNode = FALSE
	EndGlobalSection
	GlobalSection(ExtensibilityGlobals) = postSolution
		SolutionGuid = {D978778E-5784-4AE9-ADB7-16515C166F12}
	EndGlobalSection
EndGlobal
